
Microsoft Visual Studio Solution File, Format Version 12.00
# Visual Studio 15
VisualStudioVersion = 15.0.27004.2005
MinimumVisualStudioVersion = 10.0.40219.1
Project("{FAE04EC0-301F-11D3-BF4B-00C04F79EFBC}") = "ClaseMetodos", "ClaseMetodos\ClaseMetodos.csproj", "{080A3B6A-02A8-4835-B59B-730E1BC0B1E5}"
EndProject
Project("{FAE04EC0-301F-11D3-BF4B-00C04F79EFBC}") = "ClaseValoryReferencia", "ClaseValoryReferencia\ClaseValoryReferencia.csproj", "{F1FBC286-0465-42A1-84B5-B053C5DF9109}"
EndProject
Project("{FAE04EC0-301F-11D3-BF4B-00C04F79EFBC}") = "SobreCarga", "SobreCarga\SobreCarga.csproj", "{194012CA-A5C5-4FDA-8C68-03FEBC7CED89}"
EndProject
Project("{FAE04EC0-301F-11D3-BF4B-00C04F79EFBC}") = "ClasePOO", "ClasePOO\ClasePOO.csproj", "{7260B79A-F7A4-4E6E-A328-22BADDFB7267}"
EndProject
Project("{FAE04EC0-301F-11D3-BF4B-00C04F79EFBC}") = "Interfaces", "Interfaces\Interfaces.csproj", "{88E7AA75-4FDA-4A17-911D-F26E87BBDCF9}"
EndProject
Project("{FAE04EC0-301F-11D3-BF4B-00C04F79EFBC}") = "POO3", "POO3\POO3.csproj", "{6442C3DA-DAC0-4ED5-92D1-B991AA477F1A}"
EndProject
Project("{FAE04EC0-301F-11D3-BF4B-00C04F79EFBC}") = "Biblioteca", "Biblioteca\Biblioteca.csproj", "{96DFFFFA-9247-4A71-AF86-5620071DA55E}"
EndProject
Project("{FAE04EC0-301F-11D3-BF4B-00C04F79EFBC}") = "Tamagochi", "Tamagochi\Tamagochi.csproj", "{4BBDE7EE-666C-41E5-8A70-C285867992D8}"
EndProject
Project("{FAE04EC0-301F-11D3-BF4B-00C04F79EFBC}") = "Herencia", "Herencia\Herencia.csproj", "{ED1763DF-038C-46DF-BD18-8B1FF45B2BD6}"
EndProject
Project("{FAE04EC0-301F-11D3-BF4B-00C04F79EFBC}") = "Equipos1", "Equipos1\Equipos1.csproj", "{92ED2AE7-330A-4ED1-98E6-167227B8A4D2}"
EndProject
Project("{FAE04EC0-301F-11D3-BF4B-00C04F79EFBC}") = "HolaMundoWPF", "HolaMundoWPF\HolaMundoWPF\HolaMundoWPF.csproj", "{75111D4B-E82D-4E0E-A7FE-49D1D03DF52E}"
EndProject
Global
	GlobalSection(SolutionConfigurationPlatforms) = preSolution
		Debug|Any CPU = Debug|Any CPU
		Release|Any CPU = Release|Any CPU
	EndGlobalSection
	GlobalSection(ProjectConfigurationPlatforms) = postSolution
		{080A3B6A-02A8-4835-B59B-730E1BC0B1E5}.Debug|Any CPU.ActiveCfg = Debug|Any CPU
		{080A3B6A-02A8-4835-B59B-730E1BC0B1E5}.Debug|Any CPU.Build.0 = Debug|Any CPU
		{080A3B6A-02A8-4835-B59B-730E1BC0B1E5}.Release|Any CPU.ActiveCfg = Release|Any CPU
		{080A3B6A-02A8-4835-B59B-730E1BC0B1E5}.Release|Any CPU.Build.0 = Release|Any CPU
		{F1FBC286-0465-42A1-84B5-B053C5DF9109}.Debug|Any CPU.ActiveCfg = Debug|Any CPU
		{F1FBC286-0465-42A1-84B5-B053C5DF9109}.Debug|Any CPU.Build.0 = Debug|Any CPU
		{F1FBC286-0465-42A1-84B5-B053C5DF9109}.Release|Any CPU.ActiveCfg = Release|Any CPU
		{F1FBC286-0465-42A1-84B5-B053C5DF9109}.Release|Any CPU.Build.0 = Release|Any CPU
		{194012CA-A5C5-4FDA-8C68-03FEBC7CED89}.Debug|Any CPU.ActiveCfg = Debug|Any CPU
		{194012CA-A5C5-4FDA-8C68-03FEBC7CED89}.Debug|Any CPU.Build.0 = Debug|Any CPU
		{194012CA-A5C5-4FDA-8C68-03FEBC7CED89}.Release|Any CPU.ActiveCfg = Release|Any CPU
		{194012CA-A5C5-4FDA-8C68-03FEBC7CED89}.Release|Any CPU.Build.0 = Release|Any CPU
		{7260B79A-F7A4-4E6E-A328-22BADDFB7267}.Debug|Any CPU.ActiveCfg = Debug|Any CPU
		{7260B79A-F7A4-4E6E-A328-22BADDFB7267}.Debug|Any CPU.Build.0 = Debug|Any CPU
		{7260B79A-F7A4-4E6E-A328-22BADDFB7267}.Release|Any CPU.ActiveCfg = Release|Any CPU
		{7260B79A-F7A4-4E6E-A328-22BADDFB7267}.Release|Any CPU.Build.0 = Release|Any CPU
		{88E7AA75-4FDA-4A17-911D-F26E87BBDCF9}.Debug|Any CPU.ActiveCfg = Debug|Any CPU
		{88E7AA75-4FDA-4A17-911D-F26E87BBDCF9}.Debug|Any CPU.Build.0 = Debug|Any CPU
		{88E7AA75-4FDA-4A17-911D-F26E87BBDCF9}.Release|Any CPU.ActiveCfg = Release|Any CPU
		{88E7AA75-4FDA-4A17-911D-F26E87BBDCF9}.Release|Any CPU.Build.0 = Release|Any CPU
		{6442C3DA-DAC0-4ED5-92D1-B991AA477F1A}.Debug|Any CPU.ActiveCfg = Debug|Any CPU
		{6442C3DA-DAC0-4ED5-92D1-B991AA477F1A}.Debug|Any CPU.Build.0 = Debug|Any CPU
		{6442C3DA-DAC0-4ED5-92D1-B991AA477F1A}.Release|Any CPU.ActiveCfg = Release|Any CPU
		{6442C3DA-DAC0-4ED5-92D1-B991AA477F1A}.Release|Any CPU.Build.0 = Release|Any CPU
		{96DFFFFA-9247-4A71-AF86-5620071DA55E}.Debug|Any CPU.ActiveCfg = Debug|Any CPU
		{96DFFFFA-9247-4A71-AF86-5620071DA55E}.Debug|Any CPU.Build.0 = Debug|Any CPU
		{96DFFFFA-9247-4A71-AF86-5620071DA55E}.Release|Any CPU.ActiveCfg = Release|Any CPU
		{96DFFFFA-9247-4A71-AF86-5620071DA55E}.Release|Any CPU.Build.0 = Release|Any CPU
		{4BBDE7EE-666C-41E5-8A70-C285867992D8}.Debug|Any CPU.ActiveCfg = Debug|Any CPU
		{4BBDE7EE-666C-41E5-8A70-C285867992D8}.Debug|Any CPU.Build.0 = Debug|Any CPU
		{4BBDE7EE-666C-41E5-8A70-C285867992D8}.Release|Any CPU.ActiveCfg = Release|Any CPU
		{4BBDE7EE-666C-41E5-8A70-C285867992D8}.Release|Any CPU.Build.0 = Release|Any CPU
		{ED1763DF-038C-46DF-BD18-8B1FF45B2BD6}.Debug|Any CPU.ActiveCfg = Debug|Any CPU
		{ED1763DF-038C-46DF-BD18-8B1FF45B2BD6}.Debug|Any CPU.Build.0 = Debug|Any CPU
		{ED1763DF-038C-46DF-BD18-8B1FF45B2BD6}.Release|Any CPU.ActiveCfg = Release|Any CPU
		{ED1763DF-038C-46DF-BD18-8B1FF45B2BD6}.Release|Any CPU.Build.0 = Release|Any CPU
		{92ED2AE7-330A-4ED1-98E6-167227B8A4D2}.Debug|Any CPU.ActiveCfg = Debug|Any CPU
		{92ED2AE7-330A-4ED1-98E6-167227B8A4D2}.Debug|Any CPU.Build.0 = Debug|Any CPU
		{92ED2AE7-330A-4ED1-98E6-167227B8A4D2}.Release|Any CPU.ActiveCfg = Release|Any CPU
		{92ED2AE7-330A-4ED1-98E6-167227B8A4D2}.Release|Any CPU.Build.0 = Release|Any CPU
		{75111D4B-E82D-4E0E-A7FE-49D1D03DF52E}.Debug|Any CPU.ActiveCfg = Debug|Any CPU
		{75111D4B-E82D-4E0E-A7FE-49D1D03DF52E}.Debug|Any CPU.Build.0 = Debug|Any CPU
		{75111D4B-E82D-4E0E-A7FE-49D1D03DF52E}.Release|Any CPU.ActiveCfg = Release|Any CPU
		{75111D4B-E82D-4E0E-A7FE-49D1D03DF52E}.Release|Any CPU.Build.0 = Release|Any CPU
	EndGlobalSection
	GlobalSection(SolutionProperties) = preSolution
		HideSolutionNode = FALSE
	EndGlobalSection
	GlobalSection(ExtensibilityGlobals) = postSolution
		SolutionGuid = {90AC19E1-0FFD-484B-96B7-0AF0798668AC}
	EndGlobalSection
EndGlobal
